// !$*UTF8*$!
{
	archiveVersion = 1;
	classes = {
	};
	objectVersion = 50;
	objects = {

/* Begin PBXBuildFile section */
		16EBCF09221AE95C00734593 /* NumberViewController.swift in Sources */ = {isa = PBXBuildFile; fileRef = 16EBCF07221AE95C00734593 /* NumberViewController.swift */; };
		16EBCF0A221AE95C00734593 /* NumberViewController.xib in Resources */ = {isa = PBXBuildFile; fileRef = 16EBCF08221AE95C00734593 /* NumberViewController.xib */; };
		7D41FD8F2212604A003E15A6 /* AppDelegate.swift in Sources */ = {isa = PBXBuildFile; fileRef = 7D41FD8E2212604A003E15A6 /* AppDelegate.swift */; };
		7D41FD912212604A003E15A6 /* ViewController.swift in Sources */ = {isa = PBXBuildFile; fileRef = 7D41FD902212604A003E15A6 /* ViewController.swift */; };
		7D41FD942212604A003E15A6 /* Main.storyboard in Resources */ = {isa = PBXBuildFile; fileRef = 7D41FD922212604A003E15A6 /* Main.storyboard */; };
		7D41FD962212604C003E15A6 /* Assets.xcassets in Resources */ = {isa = PBXBuildFile; fileRef = 7D41FD952212604C003E15A6 /* Assets.xcassets */; };
		7D41FD992212604C003E15A6 /* LaunchScreen.storyboard in Resources */ = {isa = PBXBuildFile; fileRef = 7D41FD972212604C003E15A6 /* LaunchScreen.storyboard */; };
		7D41FDA2221260B4003E15A6 /* FunctionViewController.swift in Sources */ = {isa = PBXBuildFile; fileRef = 7D41FDA0221260B4003E15A6 /* FunctionViewController.swift */; };
		7D41FDA3221260B4003E15A6 /* FunctionViewController.xib in Resources */ = {isa = PBXBuildFile; fileRef = 7D41FDA1221260B4003E15A6 /* FunctionViewController.xib */; };
		7D41FDA522126657003E15A6 /* FuncList.json in Resources */ = {isa = PBXBuildFile; fileRef = 7D41FDA422126657003E15A6 /* FuncList.json */; };
		7D41FDA8221288BD003E15A6 /* CollectionViewCell.swift in Sources */ = {isa = PBXBuildFile; fileRef = 7D41FDA6221288BD003E15A6 /* CollectionViewCell.swift */; };
		7D41FDA9221288BD003E15A6 /* CollectionViewCell.xib in Resources */ = {isa = PBXBuildFile; fileRef = 7D41FDA7221288BD003E15A6 /* CollectionViewCell.xib */; };
		7D41FDAD22128E34003E15A6 /* AppViewController.swift in Sources */ = {isa = PBXBuildFile; fileRef = 7D41FDAB22128E34003E15A6 /* AppViewController.swift */; };
		7D41FDAE22128E34003E15A6 /* AppViewController.xib in Resources */ = {isa = PBXBuildFile; fileRef = 7D41FDAC22128E34003E15A6 /* AppViewController.xib */; };
		7D41FDB022129681003E15A6 /* IDKit.swift in Sources */ = {isa = PBXBuildFile; fileRef = 7D41FDAF22129681003E15A6 /* IDKit.swift */; };
/* End PBXBuildFile section */

/* Begin PBXFileReference section */
		16EBCF07221AE95C00734593 /* NumberViewController.swift */ = {isa = PBXFileReference; lastKnownFileType = sourcecode.swift; path = NumberViewController.swift; sourceTree = "<group>"; };
		16EBCF08221AE95C00734593 /* NumberViewController.xib */ = {isa = PBXFileReference; lastKnownFileType = file.xib; path = NumberViewController.xib; sourceTree = "<group>"; };
		7D41FD8B2212604A003E15A6 /* IDKit.app */ = {isa = PBXFileReference; explicitFileType = wrapper.application; includeInIndex = 0; path = IDKit.app; sourceTree = BUILT_PRODUCTS_DIR; };
		7D41FD8E2212604A003E15A6 /* AppDelegate.swift */ = {isa = PBXFileReference; lastKnownFileType = sourcecode.swift; path = AppDelegate.swift; sourceTree = "<group>"; };
		7D41FD902212604A003E15A6 /* ViewController.swift */ = {isa = PBXFileReference; lastKnownFileType = sourcecode.swift; path = ViewController.swift; sourceTree = "<group>"; };
		7D41FD932212604A003E15A6 /* Base */ = {isa = PBXFileReference; lastKnownFileType = file.storyboard; name = Base; path = Base.lproj/Main.storyboard; sourceTree = "<group>"; };
		7D41FD952212604C003E15A6 /* Assets.xcassets */ = {isa = PBXFileReference; lastKnownFileType = folder.assetcatalog; path = Assets.xcassets; sourceTree = "<group>"; };
		7D41FD982212604C003E15A6 /* Base */ = {isa = PBXFileReference; lastKnownFileType = file.storyboard; name = Base; path = Base.lproj/LaunchScreen.storyboard; sourceTree = "<group>"; };
		7D41FD9A2212604C003E15A6 /* Info.plist */ = {isa = PBXFileReference; lastKnownFileType = text.plist.xml; path = Info.plist; sourceTree = "<group>"; };
		7D41FDA0221260B4003E15A6 /* FunctionViewController.swift */ = {isa = PBXFileReference; lastKnownFileType = sourcecode.swift; path = FunctionViewController.swift; sourceTree = "<group>"; };
		7D41FDA1221260B4003E15A6 /* FunctionViewController.xib */ = {isa = PBXFileReference; lastKnownFileType = file.xib; path = FunctionViewController.xib; sourceTree = "<group>"; };
		7D41FDA422126657003E15A6 /* FuncList.json */ = {isa = PBXFileReference; fileEncoding = 4; lastKnownFileType = text.json; path = FuncList.json; sourceTree = "<group>"; };
		7D41FDA6221288BD003E15A6 /* CollectionViewCell.swift */ = {isa = PBXFileReference; lastKnownFileType = sourcecode.swift; path = CollectionViewCell.swift; sourceTree = "<group>"; };
		7D41FDA7221288BD003E15A6 /* CollectionViewCell.xib */ = {isa = PBXFileReference; lastKnownFileType = file.xib; path = CollectionViewCell.xib; sourceTree = "<group>"; };
		7D41FDAB22128E34003E15A6 /* AppViewController.swift */ = {isa = PBXFileReference; lastKnownFileType = sourcecode.swift; path = AppViewController.swift; sourceTree = "<group>"; };
		7D41FDAC22128E34003E15A6 /* AppViewController.xib */ = {isa = PBXFileReference; lastKnownFileType = file.xib; path = AppViewController.xib; sourceTree = "<group>"; };
		7D41FDAF22129681003E15A6 /* IDKit.swift */ = {isa = PBXFileReference; lastKnownFileType = sourcecode.swift; path = IDKit.swift; sourceTree = "<group>"; };
/* End PBXFileReference section */

/* Begin PBXFrameworksBuildPhase section */
		7D41FD882212604A003E15A6 /* Frameworks */ = {
			isa = PBXFrameworksBuildPhase;
			buildActionMask = 2147483647;
			files = (
			);
			runOnlyForDeploymentPostprocessing = 0;
		};
/* End PBXFrameworksBuildPhase section */

/* Begin PBXGroup section */
		7D41FD822212604A003E15A6 = {
			isa = PBXGroup;
			children = (
				7D41FD8D2212604A003E15A6 /* IDKit */,
				7D41FD8C2212604A003E15A6 /* Products */,
			);
			sourceTree = "<group>";
		};
		7D41FD8C2212604A003E15A6 /* Products */ = {
			isa = PBXGroup;
			children = (
				7D41FD8B2212604A003E15A6 /* IDKit.app */,
			);
			name = Products;
			sourceTree = "<group>";
		};
		7D41FD8D2212604A003E15A6 /* IDKit */ = {
			isa = PBXGroup;
			children = (
				7D41FD8E2212604A003E15A6 /* AppDelegate.swift */,
				7D41FD902212604A003E15A6 /* ViewController.swift */,
				7D41FDA422126657003E15A6 /* FuncList.json */,
				7D41FDA0221260B4003E15A6 /* FunctionViewController.swift */,
				7D41FDA1221260B4003E15A6 /* FunctionViewController.xib */,
				7D41FDA6221288BD003E15A6 /* CollectionViewCell.swift */,
				7D41FDA7221288BD003E15A6 /* CollectionViewCell.xib */,
				7D41FDAF22129681003E15A6 /* IDKit.swift */,
				7D41FDAA22128DE3003E15A6 /* FunctionsList */,
				7D41FD922212604A003E15A6 /* Main.storyboard */,
				7D41FD952212604C003E15A6 /* Assets.xcassets */,
				7D41FD972212604C003E15A6 /* LaunchScreen.storyboard */,
				7D41FD9A2212604C003E15A6 /* Info.plist */,
			);
			path = IDKit;
			sourceTree = "<group>";
		};
		7D41FDAA22128DE3003E15A6 /* FunctionsList */ = {
			isa = PBXGroup;
			children = (
				7D41FDAB22128E34003E15A6 /* AppViewController.swift */,
				7D41FDAC22128E34003E15A6 /* AppViewController.xib */,
				16EBCF07221AE95C00734593 /* NumberViewController.swift */,
				16EBCF08221AE95C00734593 /* NumberViewController.xib */,
			);
			path = FunctionsList;
			sourceTree = "<group>";
		};
/* End PBXGroup section */

/* Begin PBXNativeTarget section */
		7D41FD8A2212604A003E15A6 /* IDKit */ = {
			isa = PBXNativeTarget;
			buildConfigurationList = 7D41FD9D2212604C003E15A6 /* Build configuration list for PBXNativeTarget "IDKit" */;
			buildPhases = (
				7D41FD872212604A003E15A6 /* Sources */,
				7D41FD882212604A003E15A6 /* Frameworks */,
				7D41FD892212604A003E15A6 /* Resources */,
			);
			buildRules = (
			);
			dependencies = (
			);
			name = IDKit;
			productName = IDKit;
			productReference = 7D41FD8B2212604A003E15A6 /* IDKit.app */;
			productType = "com.apple.product-type.application";
		};
/* End PBXNativeTarget section */

/* Begin PBXProject section */
		7D41FD832212604A003E15A6 /* Project object */ = {
			isa = PBXProject;
			attributes = {
				LastSwiftUpdateCheck = 1010;
				LastUpgradeCheck = 1010;
				ORGANIZATIONNAME = "NetWork小贱";
				TargetAttributes = {
					7D41FD8A2212604A003E15A6 = {
						CreatedOnToolsVersion = 10.1;
					};
				};
			};
			buildConfigurationList = 7D41FD862212604A003E15A6 /* Build configuration list for PBXProject "IDKit" */;
			compatibilityVersion = "Xcode 9.3";
			developmentRegion = en;
			hasScannedForEncodings = 0;
			knownRegions = (
				en,
				Base,
			);
			mainGroup = 7D41FD822212604A003E15A6;
			productRefGroup = 7D41FD8C2212604A003E15A6 /* Products */;
			projectDirPath = "";
			projectRoot = "";
			targets = (
				7D41FD8A2212604A003E15A6 /* IDKit */,
			);
		};
/* End PBXProject section */

/* Begin PBXResourcesBuildPhase section */
		7D41FD892212604A003E15A6 /* Resources */ = {
			isa = PBXResourcesBuildPhase;
			buildActionMask = 2147483647;
			files = (
				7D41FDA522126657003E15A6 /* FuncList.json in Resources */,
				16EBCF0A221AE95C00734593 /* NumberViewController.xib in Resources */,
				7D41FDA3221260B4003E15A6 /* FunctionViewController.xib in Resources */,
				7D41FDAE22128E34003E15A6 /* AppViewController.xib in Resources */,
				7D41FDA9221288BD003E15A6 /* CollectionViewCell.xib in Resources */,
				7D41FD992212604C003E15A6 /* LaunchScreen.storyboard in Resources */,
				7D41FD962212604C003E15A6 /* Assets.xcassets in Resources */,
				7D41FD942212604A003E15A6 /* Main.storyboard in Resources */,
			);
			runOnlyForDeploymentPostprocessing = 0;
		};
/* End PBXResourcesBuildPhase section */

/* Begin PBXSourcesBuildPhase section */
		7D41FD872212604A003E15A6 /* Sources */ = {
			isa = PBXSourcesBuildPhase;
			buildActionMask = 2147483647;
			files = (
				7D41FDAD22128E34003E15A6 /* AppViewController.swift in Sources */,
				7D41FDA2221260B4003E15A6 /* FunctionViewController.swift in Sources */,
				7D41FD912212604A003E15A6 /* ViewController.swift in Sources */,
				7D41FDB022129681003E15A6 /* IDKit.swift in Sources */,
				7D41FDA8221288BD003E15A6 /* CollectionViewCell.swift in Sources */,
				7D41FD8F2212604A003E15A6 /* AppDelegate.swift in Sources */,
				16EBCF09221AE95C00734593 /* NumberViewController.swift in Sources */,
			);
			runOnlyForDeploymentPostprocessing = 0;
		};
/* End PBXSourcesBuildPhase section */

/* Begin PBXVariantGroup section */
		7D41FD922212604A003E15A6 /* Main.storyboard */ = {
			isa = PBXVariantGroup;
			children = (
				7D41FD932212604A003E15A6 /* Base */,
			);
			name = Main.storyboard;
			sourceTree = "<group>";
		};
		7D41FD972212604C003E15A6 /* LaunchScreen.storyboard */ = {
			isa = PBXVariantGroup;
			children = (
				7D41FD982212604C003E15A6 /* Base */,
			);
			name = LaunchScreen.storyboard;
			sourceTree = "<group>";
		};
/* End PBXVariantGroup section */

/* Begin XCBuildConfiguration section */
		7D41FD9B2212604C003E15A6 /* Debug */ = {
			isa = XCBuildConfiguration;
			buildSettings = {
				ALWAYS_SEARCH_USER_PATHS = NO;
				CLANG_ANALYZER_NONNULL = YES;
				CLANG_ANALYZER_NUMBER_OBJECT_CONVERSION = YES_AGGRESSIVE;
				CLANG_CXX_LANGUAGE_STANDARD = "gnu++14";
				CLANG_CXX_LIBRARY = "libc++";
				CLANG_ENABLE_MODULES = YES;
				CLANG_ENABLE_OBJC_ARC = YES;
				CLANG_ENABLE_OBJC_WEAK = YES;
				CLANG_WARN_BLOCK_CAPTURE_AUTORELEASING = YES;
				CLANG_WARN_BOOL_CONVERSION = YES;
				CLANG_WARN_COMMA = YES;
				CLANG_WARN_CONSTANT_CONVERSION = YES;
				CLANG_WARN_DEPRECATED_OBJC_IMPLEMENTATIONS = YES;
				CLANG_WARN_DIRECT_OBJC_ISA_USAGE = YES_ERROR;
				CLANG_WARN_DOCUMENTATION_COMMENTS = YES;
				CLANG_WARN_EMPTY_BODY = YES;
				CLANG_WARN_ENUM_CONVERSION = YES;
				CLANG_WARN_INFINITE_RECURSION = YES;
				CLANG_WARN_INT_CONVERSION = YES;
				CLANG_WARN_NON_LITERAL_NULL_CONVERSION = YES;
				CLANG_WARN_OBJC_IMPLICIT_RETAIN_SELF = YES;
				CLANG_WARN_OBJC_LITERAL_CONVERSION = YES;
				CLANG_WARN_OBJC_ROOT_CLASS = YES_ERROR;
				CLANG_WARN_RANGE_LOOP_ANALYSIS = YES;
				CLANG_WARN_STRICT_PROTOTYPES = YES;
				CLANG_WARN_SUSPICIOUS_MOVE = YES;
				CLANG_WARN_UNGUARDED_AVAILABILITY = YES_AGGRESSIVE;
				CLANG_WARN_UNREACHABLE_CODE = YES;
				CLANG_WARN__DUPLICATE_METHOD_MATCH = YES;
				CODE_SIGN_IDENTITY = "iPhone Developer";
				COPY_PHASE_STRIP = NO;
				DEBUG_INFORMATION_FORMAT = dwarf;
				ENABLE_STRICT_OBJC_MSGSEND = YES;
				ENABLE_TESTABILITY = YES;
				GCC_C_LANGUAGE_STANDARD = gnu11;
				GCC_DYNAMIC_NO_PIC = NO;
				GCC_NO_COMMON_BLOCKS = YES;
				GCC_OPTIMIZATION_LEVEL = 0;
				GCC_PREPROCESSOR_DEFINITIONS = (
					"DEBUG=1",
					"$(inherited)",
				);
				GCC_WARN_64_TO_32_BIT_CONVERSION = YES;
				GCC_WARN_ABOUT_RETURN_TYPE = YES_ERROR;
				GCC_WARN_UNDECLARED_SELECTOR = YES;
				GCC_WARN_UNINITIALIZED_AUTOS = YES_AGGRESSIVE;
				GCC_WARN_UNUSED_FUNCTION = YES;
				GCC_WARN_UNUSED_VARIABLE = YES;
				IPHONEOS_DEPLOYMENT_TARGET = 12.1;
				MTL_ENABLE_DEBUG_INFO = INCLUDE_SOURCE;
				MTL_FAST_MATH = YES;
				ONLY_ACTIVE_ARCH = YES;
				SDKROOT = iphoneos;
				SWIFT_ACTIVE_COMPILATION_CONDITIONS = DEBUG;
				SWIFT_OPTIMIZATION_LEVEL = "-Onone";
			};
			name = Debug;
		};
		7D41FD9C2212604C003E15A6 /* Release */ = {
			isa = XCBuildConfiguration;
			buildSettings = {
				ALWAYS_SEARCH_USER_PATHS = NO;
				CLANG_ANALYZER_NONNULL = YES;
				CLANG_ANALYZER_NUMBER_OBJECT_CONVERSION = YES_AGGRESSIVE;
				CLANG_CXX_LANGUAGE_STANDARD = "gnu++14";
				CLANG_CXX_LIBRARY = "libc++";
				CLANG_ENABLE_MODULES = YES;
				CLANG_ENABLE_OBJC_ARC = YES;
				CLANG_ENABLE_OBJC_WEAK = YES;
				CLANG_WARN_BLOCK_CAPTURE_AUTORELEASING = YES;
				CLANG_WARN_BOOL_CONVERSION = YES;
				CLANG_WARN_COMMA = YES;
				CLANG_WARN_CONSTANT_CONVERSION = YES;
				CLANG_WARN_DEPRECATED_OBJC_IMPLEMENTATIONS = YES;
				CLANG_WARN_DIRECT_OBJC_ISA_USAGE = YES_ERROR;
				CLANG_WARN_DOCUMENTATION_COMMENTS = YES;
				CLANG_WARN_EMPTY_BODY = YES;
				CLANG_WARN_ENUM_CONVERSION = YES;
				CLANG_WARN_INFINITE_RECURSION = YES;
				CLANG_WARN_INT_CONVERSION = YES;
				CLANG_WARN_NON_LITERAL_NULL_CONVERSION = YES;
				CLANG_WARN_OBJC_IMPLICIT_RETAIN_SELF = YES;
				CLANG_WARN_OBJC_LITERAL_CONVERSION = YES;
				CLANG_WARN_OBJC_ROOT_CLASS = YES_ERROR;
				CLANG_WARN_RANGE_LOOP_ANALYSIS = YES;
				CLANG_WARN_STRICT_PROTOTYPES = YES;
				CLANG_WARN_SUSPICIOUS_MOVE = YES;
				CLANG_WARN_UNGUARDED_AVAILABILITY = YES_AGGRESSIVE;
				CLANG_WARN_UNREACHABLE_CODE = YES;
				CLANG_WARN__DUPLICATE_METHOD_MATCH = YES;
				CODE_SIGN_IDENTITY = "iPhone Developer";
				COPY_PHASE_STRIP = NO;
				DEBUG_INFORMATION_FORMAT = "dwarf-with-dsym";
				ENABLE_NS_ASSERTIONS = NO;
				ENABLE_STRICT_OBJC_MSGSEND = YES;
				GCC_C_LANGUAGE_STANDARD = gnu11;
				GCC_NO_COMMON_BLOCKS = YES;
				GCC_WARN_64_TO_32_BIT_CONVERSION = YES;
				GCC_WARN_ABOUT_RETURN_TYPE = YES_ERROR;
				GCC_WARN_UNDECLARED_SELECTOR = YES;
				GCC_WARN_UNINITIALIZED_AUTOS = YES_AGGRESSIVE;
				GCC_WARN_UNUSED_FUNCTION = YES;
				GCC_WARN_UNUSED_VARIABLE = YES;
				IPHONEOS_DEPLOYMENT_TARGET = 12.1;
				MTL_ENABLE_DEBUG_INFO = NO;
				MTL_FAST_MATH = YES;
				SDKROOT = iphoneos;
				SWIFT_COMPILATION_MODE = wholemodule;
				SWIFT_OPTIMIZATION_LEVEL = "-O";
				VALIDATE_PRODUCT = YES;
			};
			name = Release;
		};
		7D41FD9E2212604C003E15A6 /* Debug */ = {
			isa = XCBuildConfiguration;
			buildSettings = {
				ASSETCATALOG_COMPILER_APPICON_NAME = AppIcon;
				CODE_SIGN_STYLE = Automatic;
				DEVELOPMENT_TEAM = YY9THQMRZF;
				INFOPLIST_FILE = IDKit/Info.plist;
				IPHONEOS_DEPLOYMENT_TARGET = 9.0;
				LD_RUNPATH_SEARCH_PATHS = (
					"$(inherited)",
					"@executable_path/Frameworks",
				);
				PRODUCT_BUNDLE_IDENTIFIER = com.network.IDKit;
				PRODUCT_NAME = "$(TARGET_NAME)";
				SWIFT_VERSION = 4.2;
				TARGETED_DEVICE_FAMILY = "1,2";
			};
			name = Debug;
		};
		7D41FD9F2212604C003E15A6 /* Release */ = {
			isa = XCBuildConfiguration;
			buildSettings = {
				ASSETCATALOG_COMPILER_APPICON_NAME = AppIcon;
				CODE_SIGN_STYLE = Automatic;
				DEVELOPMENT_TEAM = YY9THQMRZF;
				INFOPLIST_FILE = IDKit/Info.plist;
				IPHONEOS_DEPLOYMENT_TARGET = 9.0;
				LD_RUNPATH_SEARCH_PATHS = (
					"$(inherited)",
					"@executable_path/Frameworks",
				);
				PRODUCT_BUNDLE_IDENTIFIER = com.network.IDKit;
				PRODUCT_NAME = "$(TARGET_NAME)";
				SWIFT_VERSION = 4.2;
				TARGETED_DEVICE_FAMILY = "1,2";
			};
			name = Release;
		};
/* End XCBuildConfiguration section */

/* Begin XCConfigurationList section */
		7D41FD862212604A003E15A6 /* Build configuration list for PBXProject "IDKit" */ = {
			isa = XCConfigurationList;
			buildConfigurations = (
				7D41FD9B2212604C003E15A6 /* Debug */,
				7D41FD9C2212604C003E15A6 /* Release */,
			);
			defaultConfigurationIsVisible = 0;
			defaultConfigurationName = Release;
		};
		7D41FD9D2212604C003E15A6 /* Build configuration list for PBXNativeTarget "IDKit" */ = {
			isa = XCConfigurationList;
			buildConfigurations = (
				7D41FD9E2212604C003E15A6 /* Debug */,
				7D41FD9F2212604C003E15A6 /* Release */,
			);
			defaultConfigurationIsVisible = 0;
			defaultConfigurationName = Release;
		};
/* End XCConfigurationList section */
	};
	rootObject = 7D41FD832212604A003E15A6 /* Project object */;
}
